
Microsoft Visual Studio Solution File, Format Version 12.00
# Visual Studio Version 16
VisualStudioVersion = 16.0.28803.202
MinimumVisualStudioVersion = 10.0.40219.1
Project("{FAE04EC0-301F-11D3-BF4B-00C04F79EFBC}") = "MyDiary", "MyDiary.csproj", "{5EE60CF2-2B94-4630-8684-06E506A3BEC5}"
EndProject
Global
	GlobalSection(SolutionConfigurationPlatforms) = preSolution
		Debug|Any CPU = Debug|Any CPU
		Release|Any CPU = Release|Any CPU
	EndGlobalSection
	GlobalSection(ProjectConfigurationPlatforms) = postSolution
		{5EE60CF2-2B94-4630-8684-06E506A3BEC5}.Debug|Any CPU.ActiveCfg = Debug|Any CPU
		{5EE60CF2-2B94-4630-8684-06E506A3BEC5}.Debug|Any CPU.Build.0 = Debug|Any CPU
		{5EE60CF2-2B94-4630-8684-06E506A3BEC5}.Release|Any CPU.ActiveCfg = Release|Any CPU
		{5EE60CF2-2B94-4630-8684-06E506A3BEC5}.Release|Any CPU.Build.0 = Release|Any CPU
	EndGlobalSection
	GlobalSection(SolutionProperties) = preSolution
		HideSolutionNode = FALSE
	EndGlobalSection
	GlobalSection(ExtensibilityGlobals) = postSolution
		SolutionGuid = {175DB12E-C8D0-43AD-AF81-894A9D137356}
	EndGlobalSection
EndGlobal
